PODS:
  - JKSteppedProgressBar (0.5.2)

DEPENDENCIES:
  - JKSteppedProgressBar (from `../`)

EXTERNAL SOURCES:
  JKSteppedProgressBar:
    :path: "../"

SPEC CHECKSUMS:
  JKSteppedProgressBar: 48c8b96f4ad8e98e8a2b5549f1590a0ea12eacaf

PODFILE CHECKSUM: ba934cd1a7deb75a79c480358beefa12dc74330d

COCOAPODS: 1.10.0
